
Microsoft Visual Studio Solution File, Format Version 11.00
# Visual Studio 2010
Project("{FAE04EC0-301F-11D3-BF4B-00C04F79EFBC}") = "FileOpener", "FileOpener.csproj", "{5E3D9BEE-081D-40A9-A09B-4C3C657F7822}"
	GlobalSection(PlasticSccProperties) = preSolution
		ControlledByPlastic = True
		SccProvider = Plastic SCM
	EndGlobalSection
EndProject
Global
	GlobalSection(PlasticSccProperties) = preSolution
		ControlledByPlastic = True
		SccProvider = Plastic SCM
	EndGlobalSection
	GlobalSection(SolutionConfigurationPlatforms) = preSolution
		Debug|Any CPU = Debug|Any CPU
		Release|Any CPU = Release|Any CPU
	EndGlobalSection
	GlobalSection(ProjectConfigurationPlatforms) = postSolution
		{5E3D9BEE-081D-40A9-A09B-4C3C657F7822}.Debug|Any CPU.ActiveCfg = Debug|Any CPU
		{5E3D9BEE-081D-40A9-A09B-4C3C657F7822}.Debug|Any CPU.Build.0 = Debug|Any CPU
		{5E3D9BEE-081D-40A9-A09B-4C3C657F7822}.Release|Any CPU.ActiveCfg = Release|Any CPU
		{5E3D9BEE-081D-40A9-A09B-4C3C657F7822}.Release|Any CPU.Build.0 = Release|Any CPU
	EndGlobalSection
	GlobalSection(SolutionProperties) = preSolution
		HideSolutionNode = FALSE
	EndGlobalSection
EndGlobal
